
Microsoft Visual Studio Solution File, Format Version 12.00
# Visual Studio Version 16
VisualStudioVersion = 16.0.31702.278
MinimumVisualStudioVersion = 10.0.40219.1
Project("{FAE04EC0-301F-11D3-BF4B-00C04F79EFBC}") = "AmznLinkShortener", "AmznLinkShortener\AmznLinkShortener.csproj", "{61CA739F-0BCB-4810-B2A7-D3DDECF10217}"
EndProject
Global
	GlobalSection(SolutionConfigurationPlatforms) = preSolution
		Debug|Any CPU = Debug|Any CPU
		Release|Any CPU = Release|Any CPU
	EndGlobalSection
	GlobalSection(ProjectConfigurationPlatforms) = postSolution
		{61CA739F-0BCB-4810-B2A7-D3DDECF10217}.Debug|Any CPU.ActiveCfg = Debug|Any CPU
		{61CA739F-0BCB-4810-B2A7-D3DDECF10217}.Debug|Any CPU.Build.0 = Debug|Any CPU
		{61CA739F-0BCB-4810-B2A7-D3DDECF10217}.Release|Any CPU.ActiveCfg = Release|Any CPU
		{61CA739F-0BCB-4810-B2A7-D3DDECF10217}.Release|Any CPU.Build.0 = Release|Any CPU
	EndGlobalSection
	GlobalSection(SolutionProperties) = preSolution
		HideSolutionNode = FALSE
	EndGlobalSection
	GlobalSection(ExtensibilityGlobals) = postSolution
		SolutionGuid = {3A3277F8-2F74-4F00-8646-333614011311}
	EndGlobalSection
EndGlobal
